
Microsoft Visual Studio Solution File, Format Version 12.00
# Visual Studio 15
VisualStudioVersion = 15.0.26730.8
MinimumVisualStudioVersion = 10.0.40219.1
Project("{FAE04EC0-301F-11D3-BF4B-00C04F79EFBC}") = "Minesweeper", "Minesweeper\Minesweeper.csproj", "{0EDB483B-E9D5-43C7-97F0-0BBD3E997B98}"
EndProject
Global
	GlobalSection(SolutionConfigurationPlatforms) = preSolution
		Debug|Any CPU = Debug|Any CPU
		Release|Any CPU = Release|Any CPU
	EndGlobalSection
	GlobalSection(ProjectConfigurationPlatforms) = postSolution
		{0EDB483B-E9D5-43C7-97F0-0BBD3E997B98}.Debug|Any CPU.ActiveCfg = Debug|Any CPU
		{0EDB483B-E9D5-43C7-97F0-0BBD3E997B98}.Debug|Any CPU.Build.0 = Debug|Any CPU
		{0EDB483B-E9D5-43C7-97F0-0BBD3E997B98}.Release|Any CPU.ActiveCfg = Release|Any CPU
		{0EDB483B-E9D5-43C7-97F0-0BBD3E997B98}.Release|Any CPU.Build.0 = Release|Any CPU
	EndGlobalSection
	GlobalSection(SolutionProperties) = preSolution
		HideSolutionNode = FALSE
	EndGlobalSection
	GlobalSection(ExtensibilityGlobals) = postSolution
		SolutionGuid = {7995BA87-C213-47D4-A748-3B49F022F4D8}
	EndGlobalSection
EndGlobal
